
Microsoft Visual Studio Solution File, Format Version 12.00
# Visual Studio 15
VisualStudioVersion = 15.0.28010.2003
MinimumVisualStudioVersion = 10.0.40219.1
Project("{FAE04EC0-301F-11D3-BF4B-00C04F79EFBC}") = "AusOuvidos", "Web\AusOuvidos.csproj", "{2044ABD9-2881-46A1-B12A-4FA1695F9AE8}"
EndProject
Project("{FAE04EC0-301F-11D3-BF4B-00C04F79EFBC}") = "Data", "Data\Data.csproj", "{C059619E-D359-4AEF-A302-6264CAF6B790}"
EndProject
Project("{FAE04EC0-301F-11D3-BF4B-00C04F79EFBC}") = "Models", "Models\Models.csproj", "{429CF227-1F28-485A-B413-B39E4A844E95}"
EndProject
Project("{FAE04EC0-301F-11D3-BF4B-00C04F79EFBC}") = "Services", "Services\Services.csproj", "{260680CF-237C-4F31-AB73-1CC95B20EA61}"
EndProject
Global
	GlobalSection(SolutionConfigurationPlatforms) = preSolution
		Debug|Any CPU = Debug|Any CPU
		Release|Any CPU = Release|Any CPU
	EndGlobalSection
	GlobalSection(ProjectConfigurationPlatforms) = postSolution
		{D1A4B196-FA92-4822-8C25-07D53A2903EF}.Debug|Any CPU.ActiveCfg = Debug|Any CPU
		{D1A4B196-FA92-4822-8C25-07D53A2903EF}.Debug|Any CPU.Build.0 = Debug|Any CPU
		{D1A4B196-FA92-4822-8C25-07D53A2903EF}.Release|Any CPU.ActiveCfg = Release|Any CPU
		{D1A4B196-FA92-4822-8C25-07D53A2903EF}.Release|Any CPU.Build.0 = Release|Any CPU
		{2044ABD9-2881-46A1-B12A-4FA1695F9AE8}.Debug|Any CPU.ActiveCfg = Debug|Any CPU
		{2044ABD9-2881-46A1-B12A-4FA1695F9AE8}.Debug|Any CPU.Build.0 = Debug|Any CPU
		{2044ABD9-2881-46A1-B12A-4FA1695F9AE8}.Release|Any CPU.ActiveCfg = Release|Any CPU
		{2044ABD9-2881-46A1-B12A-4FA1695F9AE8}.Release|Any CPU.Build.0 = Release|Any CPU
		{C059619E-D359-4AEF-A302-6264CAF6B790}.Debug|Any CPU.ActiveCfg = Debug|Any CPU
		{C059619E-D359-4AEF-A302-6264CAF6B790}.Debug|Any CPU.Build.0 = Debug|Any CPU
		{C059619E-D359-4AEF-A302-6264CAF6B790}.Release|Any CPU.ActiveCfg = Release|Any CPU
		{C059619E-D359-4AEF-A302-6264CAF6B790}.Release|Any CPU.Build.0 = Release|Any CPU
		{429CF227-1F28-485A-B413-B39E4A844E95}.Debug|Any CPU.ActiveCfg = Debug|Any CPU
		{429CF227-1F28-485A-B413-B39E4A844E95}.Debug|Any CPU.Build.0 = Debug|Any CPU
		{429CF227-1F28-485A-B413-B39E4A844E95}.Release|Any CPU.ActiveCfg = Release|Any CPU
		{429CF227-1F28-485A-B413-B39E4A844E95}.Release|Any CPU.Build.0 = Release|Any CPU
		{260680CF-237C-4F31-AB73-1CC95B20EA61}.Debug|Any CPU.ActiveCfg = Debug|Any CPU
		{260680CF-237C-4F31-AB73-1CC95B20EA61}.Debug|Any CPU.Build.0 = Debug|Any CPU
		{260680CF-237C-4F31-AB73-1CC95B20EA61}.Release|Any CPU.ActiveCfg = Release|Any CPU
		{260680CF-237C-4F31-AB73-1CC95B20EA61}.Release|Any CPU.Build.0 = Release|Any CPU
	EndGlobalSection
	GlobalSection(SolutionProperties) = preSolution
		HideSolutionNode = FALSE
	EndGlobalSection
	GlobalSection(ExtensibilityGlobals) = postSolution
		SolutionGuid = {FEBD4BD6-299C-48F2-8D24-13F9B53219E2}
	EndGlobalSection
EndGlobal
