
Microsoft Visual Studio Solution File, Format Version 12.00
# Visual Studio Version 17
VisualStudioVersion = 17.8.34408.163
MinimumVisualStudioVersion = 10.0.40219.1
Project("{9A19103F-16F7-4668-BE54-9A1E7A4F7556}") = "AusOuvidos", "Web\AusOuvidos.csproj", "{987D4ACB-7AFE-47FA-90FE-6D44D5CBA739}"
EndProject
Project("{9A19103F-16F7-4668-BE54-9A1E7A4F7556}") = "Services", "Services\Services.csproj", "{3EAC68CF-21F3-46F3-9C74-435D758120E8}"
EndProject
Project("{9A19103F-16F7-4668-BE54-9A1E7A4F7556}") = "Data", "Data\Data.csproj", "{BE279D79-0C4A-4CDA-BF5A-3566F7DDD996}"
EndProject
Project("{9A19103F-16F7-4668-BE54-9A1E7A4F7556}") = "Models", "Models\Models.csproj", "{7A60C542-BF17-4E95-8E2C-1572105CEC44}"
EndProject
Global
	GlobalSection(SolutionConfigurationPlatforms) = preSolution
		Debug|Any CPU = Debug|Any CPU
		Release|Any CPU = Release|Any CPU
	EndGlobalSection
	GlobalSection(ProjectConfigurationPlatforms) = postSolution
		{987D4ACB-7AFE-47FA-90FE-6D44D5CBA739}.Debug|Any CPU.ActiveCfg = Debug|Any CPU
		{987D4ACB-7AFE-47FA-90FE-6D44D5CBA739}.Debug|Any CPU.Build.0 = Debug|Any CPU
		{987D4ACB-7AFE-47FA-90FE-6D44D5CBA739}.Release|Any CPU.ActiveCfg = Release|Any CPU
		{987D4ACB-7AFE-47FA-90FE-6D44D5CBA739}.Release|Any CPU.Build.0 = Release|Any CPU
		{3EAC68CF-21F3-46F3-9C74-435D758120E8}.Debug|Any CPU.ActiveCfg = Debug|Any CPU
		{3EAC68CF-21F3-46F3-9C74-435D758120E8}.Debug|Any CPU.Build.0 = Debug|Any CPU
		{3EAC68CF-21F3-46F3-9C74-435D758120E8}.Release|Any CPU.ActiveCfg = Release|Any CPU
		{3EAC68CF-21F3-46F3-9C74-435D758120E8}.Release|Any CPU.Build.0 = Release|Any CPU
		{BE279D79-0C4A-4CDA-BF5A-3566F7DDD996}.Debug|Any CPU.ActiveCfg = Debug|Any CPU
		{BE279D79-0C4A-4CDA-BF5A-3566F7DDD996}.Debug|Any CPU.Build.0 = Debug|Any CPU
		{BE279D79-0C4A-4CDA-BF5A-3566F7DDD996}.Release|Any CPU.ActiveCfg = Release|Any CPU
		{BE279D79-0C4A-4CDA-BF5A-3566F7DDD996}.Release|Any CPU.Build.0 = Release|Any CPU
		{7A60C542-BF17-4E95-8E2C-1572105CEC44}.Debug|Any CPU.ActiveCfg = Debug|Any CPU
		{7A60C542-BF17-4E95-8E2C-1572105CEC44}.Debug|Any CPU.Build.0 = Debug|Any CPU
		{7A60C542-BF17-4E95-8E2C-1572105CEC44}.Release|Any CPU.ActiveCfg = Release|Any CPU
		{7A60C542-BF17-4E95-8E2C-1572105CEC44}.Release|Any CPU.Build.0 = Release|Any CPU
	EndGlobalSection
	GlobalSection(SolutionProperties) = preSolution
		HideSolutionNode = FALSE
	EndGlobalSection
	GlobalSection(ExtensibilityGlobals) = postSolution
		SolutionGuid = {3A0079D0-6F58-4B53-BF71-811E6DD1B164}
	EndGlobalSection
EndGlobal
